
Microsoft Visual Studio Solution File, Format Version 12.00
# Visual Studio Version 16
VisualStudioVersion = 16.0.31321.278
MinimumVisualStudioVersion = 10.0.40219.1
Project("{FAE04EC0-301F-11D3-BF4B-00C04F79EFBC}") = "PracticaCore2MR", "PracticaCore2MR\PracticaCore2MR.csproj", "{7513F626-7B90-4B47-A5BE-F75F483BEDA8}"
EndProject
Global
	GlobalSection(SolutionConfigurationPlatforms) = preSolution
		Debug|Any CPU = Debug|Any CPU
		Release|Any CPU = Release|Any CPU
	EndGlobalSection
	GlobalSection(ProjectConfigurationPlatforms) = postSolution
		{7513F626-7B90-4B47-A5BE-F75F483BEDA8}.Debug|Any CPU.ActiveCfg = Debug|Any CPU
		{7513F626-7B90-4B47-A5BE-F75F483BEDA8}.Debug|Any CPU.Build.0 = Debug|Any CPU
		{7513F626-7B90-4B47-A5BE-F75F483BEDA8}.Release|Any CPU.ActiveCfg = Release|Any CPU
		{7513F626-7B90-4B47-A5BE-F75F483BEDA8}.Release|Any CPU.Build.0 = Release|Any CPU
	EndGlobalSection
	GlobalSection(SolutionProperties) = preSolution
		HideSolutionNode = FALSE
	EndGlobalSection
	GlobalSection(ExtensibilityGlobals) = postSolution
		SolutionGuid = {4D9B4869-D8CA-4891-9E6B-0137727CA3CC}
	EndGlobalSection
EndGlobal
